// !$*UTF8*$!
{
	archiveVersion = 1;
	classes = {
	};
	objectVersion = 56;
	objects = {

/* Begin PBXBuildFile section */
		F510F8AF2BAA805600638472 /* FriendsListView.swift in Sources */ = {isa = PBXBuildFile; fileRef = F510F8AE2BAA805600638472 /* FriendsListView.swift */; };
		F510F8B12BAA806300638472 /* FriendsListVM.swift in Sources */ = {isa = PBXBuildFile; fileRef = F510F8B02BAA806300638472 /* FriendsListVM.swift */; };
		F510F8B52BAA853900638472 /* GroupsList.swift in Sources */ = {isa = PBXBuildFile; fileRef = F510F8B42BAA853900638472 /* GroupsList.swift */; };
		F510F8B72BAA855400638472 /* GroupsListView.swift in Sources */ = {isa = PBXBuildFile; fileRef = F510F8B62BAA855400638472 /* GroupsListView.swift */; };
		F510F8BA2BAA8DFF00638472 /* UINavigationController.swift in Sources */ = {isa = PBXBuildFile; fileRef = F510F8B92BAA8DFF00638472 /* UINavigationController.swift */; };
		F510F8BD2BAA923E00638472 /* CodeScanner in Frameworks */ = {isa = PBXBuildFile; productRef = F510F8BC2BAA923E00638472 /* CodeScanner */; };
		F510F8C02BAA941300638472 /* AddFriendVM.swift in Sources */ = {isa = PBXBuildFile; fileRef = F510F8BF2BAA941300638472 /* AddFriendVM.swift */; };
		F510F8C22BAA941C00638472 /* AddFriendView.swift in Sources */ = {isa = PBXBuildFile; fileRef = F510F8C12BAA941C00638472 /* AddFriendView.swift */; };
		F510F8C52BAAA22E00638472 /* User.swift in Sources */ = {isa = PBXBuildFile; fileRef = F510F8C42BAAA22E00638472 /* User.swift */; };
		F510F8C92BABDEB400638472 /* ChatroomInfo.swift in Sources */ = {isa = PBXBuildFile; fileRef = F510F8C82BABDEB400638472 /* ChatroomInfo.swift */; };
		F510F8CB2BABE1E900638472 /* Message.swift in Sources */ = {isa = PBXBuildFile; fileRef = F510F8CA2BABE1E900638472 /* Message.swift */; };
		F510F8CD2BAC479200638472 /* Chatroom.swift in Sources */ = {isa = PBXBuildFile; fileRef = F510F8CC2BAC479200638472 /* Chatroom.swift */; };
		F53F0D092BF7A76100F3DBD1 /* SocketClient.swift in Sources */ = {isa = PBXBuildFile; fileRef = F53F0D082BF7A76100F3DBD1 /* SocketClient.swift */; };
		F53F0D0E2BF9240100F3DBD1 /* SocketError.swift in Sources */ = {isa = PBXBuildFile; fileRef = F53F0D0D2BF9240100F3DBD1 /* SocketError.swift */; };
		F53F0D102C05150200F3DBD1 /* MessageView.swift in Sources */ = {isa = PBXBuildFile; fileRef = F53F0D0F2C05150200F3DBD1 /* MessageView.swift */; };
		F55ED6182BA8916E00D715C8 /* CheersApp.swift in Sources */ = {isa = PBXBuildFile; fileRef = F55ED6172BA8916E00D715C8 /* CheersApp.swift */; };
		F55ED61A2BA8916E00D715C8 /* ContentView.swift in Sources */ = {isa = PBXBuildFile; fileRef = F55ED6192BA8916E00D715C8 /* ContentView.swift */; };
		F55ED61C2BA8916F00D715C8 /* Assets.xcassets in Resources */ = {isa = PBXBuildFile; fileRef = F55ED61B2BA8916F00D715C8 /* Assets.xcassets */; };
		F55ED61F2BA8916F00D715C8 /* Preview Assets.xcassets in Resources */ = {isa = PBXBuildFile; fileRef = F55ED61E2BA8916F00D715C8 /* Preview Assets.xcassets */; };
		F55ED6292BA8916F00D715C8 /* CheersTests.swift in Sources */ = {isa = PBXBuildFile; fileRef = F55ED6282BA8916F00D715C8 /* CheersTests.swift */; };
		F55ED6332BA8916F00D715C8 /* CheersUITests.swift in Sources */ = {isa = PBXBuildFile; fileRef = F55ED6322BA8916F00D715C8 /* CheersUITests.swift */; };
		F55ED6352BA8916F00D715C8 /* CheersUITestsLaunchTests.swift in Sources */ = {isa = PBXBuildFile; fileRef = F55ED6342BA8916F00D715C8 /* CheersUITestsLaunchTests.swift */; };
		F55ED6452BA8988A00D715C8 /* LoginView.swift in Sources */ = {isa = PBXBuildFile; fileRef = F55ED6442BA8988A00D715C8 /* LoginView.swift */; };
		F55ED6472BA898B200D715C8 /* LoginVM.swift in Sources */ = {isa = PBXBuildFile; fileRef = F55ED6462BA898B200D715C8 /* LoginVM.swift */; };
		F55ED64A2BA8A08F00D715C8 /* RegisterVM.swift in Sources */ = {isa = PBXBuildFile; fileRef = F55ED6492BA8A08F00D715C8 /* RegisterVM.swift */; };
		F55ED64C2BA8A0B300D715C8 /* RegisterView.swift in Sources */ = {isa = PBXBuildFile; fileRef = F55ED64B2BA8A0B300D715C8 /* RegisterView.swift */; };
		F55ED64F2BA8A2E900D715C8 /* GrayTextField.swift in Sources */ = {isa = PBXBuildFile; fileRef = F55ED64E2BA8A2E900D715C8 /* GrayTextField.swift */; };
		F55ED6522BA8B97800D715C8 /* ChatroomListView.swift in Sources */ = {isa = PBXBuildFile; fileRef = F55ED6512BA8B97800D715C8 /* ChatroomListView.swift */; };
		F55ED6542BA8B98100D715C8 /* ChatroomListVM.swift in Sources */ = {isa = PBXBuildFile; fileRef = F55ED6532BA8B98100D715C8 /* ChatroomListVM.swift */; };
		F55ED6562BA8C08000D715C8 /* ChatroomCardView.swift in Sources */ = {isa = PBXBuildFile; fileRef = F55ED6552BA8C08000D715C8 /* ChatroomCardView.swift */; };
		F55ED6592BA8CC9500D715C8 /* ChatroomView.swift in Sources */ = {isa = PBXBuildFile; fileRef = F55ED6582BA8CC9500D715C8 /* ChatroomView.swift */; };
		F55ED65B2BA8CC9C00D715C8 /* ChatroomVM.swift in Sources */ = {isa = PBXBuildFile; fileRef = F55ED65A2BA8CC9C00D715C8 /* ChatroomVM.swift */; };
		F55ED65E2BA95B4200D715C8 /* ChatroomSettingsView.swift in Sources */ = {isa = PBXBuildFile; fileRef = F55ED65D2BA95B4200D715C8 /* ChatroomSettingsView.swift */; };
		F55ED6602BA95B5600D715C8 /* ChatroomSettingsVM.swift in Sources */ = {isa = PBXBuildFile; fileRef = F55ED65F2BA95B5600D715C8 /* ChatroomSettingsVM.swift */; };
		F55ED6632BA99CBC00D715C8 /* UserProfileVM.swift in Sources */ = {isa = PBXBuildFile; fileRef = F55ED6622BA99CBC00D715C8 /* UserProfileVM.swift */; };
		F55ED6652BA99CCD00D715C8 /* UserProfileView.swift in Sources */ = {isa = PBXBuildFile; fileRef = F55ED6642BA99CCD00D715C8 /* UserProfileView.swift */; };
		F55ED6672BA9F31D00D715C8 /* NavigationButtonLabel.swift in Sources */ = {isa = PBXBuildFile; fileRef = F55ED6662BA9F31D00D715C8 /* NavigationButtonLabel.swift */; };
		F55ED66A2BAA07D900D715C8 /* CreateChatroomView.swift in Sources */ = {isa = PBXBuildFile; fileRef = F55ED6692BAA07D900D715C8 /* CreateChatroomView.swift */; };
		F55ED66C2BAA07E300D715C8 /* CreateChatroomVM.swift in Sources */ = {isa = PBXBuildFile; fileRef = F55ED66B2BAA07E300D715C8 /* CreateChatroomVM.swift */; };
		F55ED66E2BAA08B500D715C8 /* DismissButton.swift in Sources */ = {isa = PBXBuildFile; fileRef = F55ED66D2BAA08B500D715C8 /* DismissButton.swift */; };
		F55ED6722BAA239C00D715C8 /* AsyncImageWithDefaultImage.swift in Sources */ = {isa = PBXBuildFile; fileRef = F55ED6712BAA239C00D715C8 /* AsyncImageWithDefaultImage.swift */; };
		F57EC2322BEFF9030041261D /* SocketIO in Frameworks */ = {isa = PBXBuildFile; productRef = F57EC2312BEFF9030041261D /* SocketIO */; };
		F5A8784E2BBC589D002EA092 /* MultipartFormDataRequest.swift in Sources */ = {isa = PBXBuildFile; fileRef = F5A8784D2BBC589D002EA092 /* MultipartFormDataRequest.swift */; };
		F5A878502BBC5970002EA092 /* NSMutableData.swift in Sources */ = {isa = PBXBuildFile; fileRef = F5A8784F2BBC5970002EA092 /* NSMutableData.swift */; };
		F5A878572BBDD1B6002EA092 /* APIError.swift in Sources */ = {isa = PBXBuildFile; fileRef = F5A878562BBDD1B6002EA092 /* APIError.swift */; };
		F5A8785A2BBEF844002EA092 /* HashPassword.swift in Sources */ = {isa = PBXBuildFile; fileRef = F5A878592BBEF844002EA092 /* HashPassword.swift */; };
		F5A8785C2BBF581F002EA092 /* KeychainManager.swift in Sources */ = {isa = PBXBuildFile; fileRef = F5A8785B2BBF581F002EA092 /* KeychainManager.swift */; };
		F5A8785E2BBF5AA4002EA092 /* KeychainError.swift in Sources */ = {isa = PBXBuildFile; fileRef = F5A8785D2BBF5AA4002EA092 /* KeychainError.swift */; };
		F5A878602BC051B1002EA092 /* URLRequest.swift in Sources */ = {isa = PBXBuildFile; fileRef = F5A8785F2BC051B1002EA092 /* URLRequest.swift */; };
/* End PBXBuildFile section */

/* Begin PBXContainerItemProxy section */
		F55ED6252BA8916F00D715C8 /* PBXContainerItemProxy */ = {
			isa = PBXContainerItemProxy;
			containerPortal = F55ED60C2BA8916E00D715C8 /* Project object */;
			proxyType = 1;
			remoteGlobalIDString = F55ED6132BA8916E00D715C8;
			remoteInfo = cheers;
		};
		F55ED62F2BA8916F00D715C8 /* PBXContainerItemProxy */ = {
			isa = PBXContainerItemProxy;
			containerPortal = F55ED60C2BA8916E00D715C8 /* Project object */;
			proxyType = 1;
			remoteGlobalIDString = F55ED6132BA8916E00D715C8;
			remoteInfo = cheers;
		};
/* End PBXContainerItemProxy section */

/* Begin PBXFileReference section */
		F510F8AE2BAA805600638472 /* FriendsListView.swift */ = {isa = PBXFileReference; lastKnownFileType = sourcecode.swift; path = FriendsListView.swift; sourceTree = "<group>"; };
		F510F8B02BAA806300638472 /* FriendsListVM.swift */ = {isa = PBXFileReference; lastKnownFileType = sourcecode.swift; path = FriendsListVM.swift; sourceTree = "<group>"; };
		F510F8B42BAA853900638472 /* GroupsList.swift */ = {isa = PBXFileReference; lastKnownFileType = sourcecode.swift; path = GroupsList.swift; sourceTree = "<group>"; };
		F510F8B62BAA855400638472 /* GroupsListView.swift */ = {isa = PBXFileReference; lastKnownFileType = sourcecode.swift; path = GroupsListView.swift; sourceTree = "<group>"; };
		F510F8B92BAA8DFF00638472 /* UINavigationController.swift */ = {isa = PBXFileReference; lastKnownFileType = sourcecode.swift; path = UINavigationController.swift; sourceTree = "<group>"; };
		F510F8BF2BAA941300638472 /* AddFriendVM.swift */ = {isa = PBXFileReference; lastKnownFileType = sourcecode.swift; path = AddFriendVM.swift; sourceTree = "<group>"; };
		F510F8C12BAA941C00638472 /* AddFriendView.swift */ = {isa = PBXFileReference; lastKnownFileType = sourcecode.swift; path = AddFriendView.swift; sourceTree = "<group>"; };
		F510F8C32BAA9E4600638472 /* Info.plist */ = {isa = PBXFileReference; lastKnownFileType = text.plist; name = Info.plist; path = cheers/Info.plist; sourceTree = "<group>"; };
		F510F8C42BAAA22E00638472 /* User.swift */ = {isa = PBXFileReference; lastKnownFileType = sourcecode.swift; path = User.swift; sourceTree = "<group>"; };
		F510F8C82BABDEB400638472 /* ChatroomInfo.swift */ = {isa = PBXFileReference; lastKnownFileType = sourcecode.swift; path = ChatroomInfo.swift; sourceTree = "<group>"; };
		F510F8CA2BABE1E900638472 /* Message.swift */ = {isa = PBXFileReference; lastKnownFileType = sourcecode.swift; path = Message.swift; sourceTree = "<group>"; };
		F510F8CC2BAC479200638472 /* Chatroom.swift */ = {isa = PBXFileReference; lastKnownFileType = sourcecode.swift; path = Chatroom.swift; sourceTree = "<group>"; };
		F53F0D082BF7A76100F3DBD1 /* SocketClient.swift */ = {isa = PBXFileReference; lastKnownFileType = sourcecode.swift; path = SocketClient.swift; sourceTree = "<group>"; };
		F53F0D0D2BF9240100F3DBD1 /* SocketError.swift */ = {isa = PBXFileReference; lastKnownFileType = sourcecode.swift; path = SocketError.swift; sourceTree = "<group>"; };
		F53F0D0F2C05150200F3DBD1 /* MessageView.swift */ = {isa = PBXFileReference; lastKnownFileType = sourcecode.swift; path = MessageView.swift; sourceTree = "<group>"; };
		F55ED6142BA8916E00D715C8 /* cheers.app */ = {isa = PBXFileReference; explicitFileType = wrapper.application; includeInIndex = 0; path = cheers.app; sourceTree = BUILT_PRODUCTS_DIR; };
		F55ED6172BA8916E00D715C8 /* CheersApp.swift */ = {isa = PBXFileReference; lastKnownFileType = sourcecode.swift; path = CheersApp.swift; sourceTree = "<group>"; };
		F55ED6192BA8916E00D715C8 /* ContentView.swift */ = {isa = PBXFileReference; lastKnownFileType = sourcecode.swift; path = ContentView.swift; sourceTree = "<group>"; };
		F55ED61B2BA8916F00D715C8 /* Assets.xcassets */ = {isa = PBXFileReference; lastKnownFileType = folder.assetcatalog; path = Assets.xcassets; sourceTree = "<group>"; };
		F55ED61E2BA8916F00D715C8 /* Preview Assets.xcassets */ = {isa = PBXFileReference; lastKnownFileType = folder.assetcatalog; path = "Preview Assets.xcassets"; sourceTree = "<group>"; };
		F55ED6242BA8916F00D715C8 /* cheersTests.xctest */ = {isa = PBXFileReference; explicitFileType = wrapper.cfbundle; includeInIndex = 0; path = cheersTests.xctest; sourceTree = BUILT_PRODUCTS_DIR; };
		F55ED6282BA8916F00D715C8 /* CheersTests.swift */ = {isa = PBXFileReference; lastKnownFileType = sourcecode.swift; path = CheersTests.swift; sourceTree = "<group>"; };
		F55ED62E2BA8916F00D715C8 /* cheersUITests.xctest */ = {isa = PBXFileReference; explicitFileType = wrapper.cfbundle; includeInIndex = 0; path = cheersUITests.xctest; sourceTree = BUILT_PRODUCTS_DIR; };
		F55ED6322BA8916F00D715C8 /* CheersUITests.swift */ = {isa = PBXFileReference; lastKnownFileType = sourcecode.swift; path = CheersUITests.swift; sourceTree = "<group>"; };
		F55ED6342BA8916F00D715C8 /* CheersUITestsLaunchTests.swift */ = {isa = PBXFileReference; lastKnownFileType = sourcecode.swift; path = CheersUITestsLaunchTests.swift; sourceTree = "<group>"; };
		F55ED6442BA8988A00D715C8 /* LoginView.swift */ = {isa = PBXFileReference; lastKnownFileType = sourcecode.swift; path = LoginView.swift; sourceTree = "<group>"; };
		F55ED6462BA898B200D715C8 /* LoginVM.swift */ = {isa = PBXFileReference; lastKnownFileType = sourcecode.swift; path = LoginVM.swift; sourceTree = "<group>"; };
		F55ED6492BA8A08F00D715C8 /* RegisterVM.swift */ = {isa = PBXFileReference; lastKnownFileType = sourcecode.swift; path = RegisterVM.swift; sourceTree = "<group>"; };
		F55ED64B2BA8A0B300D715C8 /* RegisterView.swift */ = {isa = PBXFileReference; lastKnownFileType = sourcecode.swift; path = RegisterView.swift; sourceTree = "<group>"; };
		F55ED64E2BA8A2E900D715C8 /* GrayTextField.swift */ = {isa = PBXFileReference; lastKnownFileType = sourcecode.swift; path = GrayTextField.swift; sourceTree = "<group>"; };
		F55ED6512BA8B97800D715C8 /* ChatroomListView.swift */ = {isa = PBXFileReference; lastKnownFileType = sourcecode.swift; path = ChatroomListView.swift; sourceTree = "<group>"; };
		F55ED6532BA8B98100D715C8 /* ChatroomListVM.swift */ = {isa = PBXFileReference; lastKnownFileType = sourcecode.swift; path = ChatroomListVM.swift; sourceTree = "<group>"; };
		F55ED6552BA8C08000D715C8 /* ChatroomCardView.swift */ = {isa = PBXFileReference; lastKnownFileType = sourcecode.swift; path = ChatroomCardView.swift; sourceTree = "<group>"; };
		F55ED6582BA8CC9500D715C8 /* ChatroomView.swift */ = {isa = PBXFileReference; lastKnownFileType = sourcecode.swift; path = ChatroomView.swift; sourceTree = "<group>"; };
		F55ED65A2BA8CC9C00D715C8 /* ChatroomVM.swift */ = {isa = PBXFileReference; lastKnownFileType = sourcecode.swift; path = ChatroomVM.swift; sourceTree = "<group>"; };
		F55ED65D2BA95B4200D715C8 /* ChatroomSettingsView.swift */ = {isa = PBXFileReference; lastKnownFileType = sourcecode.swift; path = ChatroomSettingsView.swift; sourceTree = "<group>"; };
		F55ED65F2BA95B5600D715C8 /* ChatroomSettingsVM.swift */ = {isa = PBXFileReference; lastKnownFileType = sourcecode.swift; path = ChatroomSettingsVM.swift; sourceTree = "<group>"; };
		F55ED6622BA99CBC00D715C8 /* UserProfileVM.swift */ = {isa = PBXFileReference; lastKnownFileType = sourcecode.swift; path = UserProfileVM.swift; sourceTree = "<group>"; };
		F55ED6642BA99CCD00D715C8 /* UserProfileView.swift */ = {isa = PBXFileReference; lastKnownFileType = sourcecode.swift; path = UserProfileView.swift; sourceTree = "<group>"; };
		F55ED6662BA9F31D00D715C8 /* NavigationButtonLabel.swift */ = {isa = PBXFileReference; lastKnownFileType = sourcecode.swift; path = NavigationButtonLabel.swift; sourceTree = "<group>"; };
		F55ED6692BAA07D900D715C8 /* CreateChatroomView.swift */ = {isa = PBXFileReference; lastKnownFileType = sourcecode.swift; path = CreateChatroomView.swift; sourceTree = "<group>"; };
		F55ED66B2BAA07E300D715C8 /* CreateChatroomVM.swift */ = {isa = PBXFileReference; lastKnownFileType = sourcecode.swift; path = CreateChatroomVM.swift; sourceTree = "<group>"; };
		F55ED66D2BAA08B500D715C8 /* DismissButton.swift */ = {isa = PBXFileReference; lastKnownFileType = sourcecode.swift; path = DismissButton.swift; sourceTree = "<group>"; };
		F55ED6712BAA239C00D715C8 /* AsyncImageWithDefaultImage.swift */ = {isa = PBXFileReference; lastKnownFileType = sourcecode.swift; path = AsyncImageWithDefaultImage.swift; sourceTree = "<group>"; };
		F5A8784D2BBC589D002EA092 /* MultipartFormDataRequest.swift */ = {isa = PBXFileReference; lastKnownFileType = sourcecode.swift; path = MultipartFormDataRequest.swift; sourceTree = "<group>"; };
		F5A8784F2BBC5970002EA092 /* NSMutableData.swift */ = {isa = PBXFileReference; lastKnownFileType = sourcecode.swift; path = NSMutableData.swift; sourceTree = "<group>"; };
		F5A878532BBDC9DE002EA092 /* dev.xcconfig */ = {isa = PBXFileReference; lastKnownFileType = text.xcconfig; path = dev.xcconfig; sourceTree = "<group>"; };
		F5A878562BBDD1B6002EA092 /* APIError.swift */ = {isa = PBXFileReference; lastKnownFileType = sourcecode.swift; path = APIError.swift; sourceTree = "<group>"; };
		F5A878592BBEF844002EA092 /* HashPassword.swift */ = {isa = PBXFileReference; lastKnownFileType = sourcecode.swift; path = HashPassword.swift; sourceTree = "<group>"; };
		F5A8785B2BBF581F002EA092 /* KeychainManager.swift */ = {isa = PBXFileReference; lastKnownFileType = sourcecode.swift; path = KeychainManager.swift; sourceTree = "<group>"; };
		F5A8785D2BBF5AA4002EA092 /* KeychainError.swift */ = {isa = PBXFileReference; lastKnownFileType = sourcecode.swift; path = KeychainError.swift; sourceTree = "<group>"; };
		F5A8785F2BC051B1002EA092 /* URLRequest.swift */ = {isa = PBXFileReference; lastKnownFileType = sourcecode.swift; path = URLRequest.swift; sourceTree = "<group>"; };
/* End PBXFileReference section */

/* Begin PBXFrameworksBuildPhase section */
		F55ED6112BA8916E00D715C8 /* Frameworks */ = {
			isa = PBXFrameworksBuildPhase;
			buildActionMask = 2147483647;
			files = (
				F510F8BD2BAA923E00638472 /* CodeScanner in Frameworks */,
				F57EC2322BEFF9030041261D /* SocketIO in Frameworks */,
			);
			runOnlyForDeploymentPostprocessing = 0;
		};
		F55ED6212BA8916F00D715C8 /* Frameworks */ = {
			isa = PBXFrameworksBuildPhase;
			buildActionMask = 2147483647;
			files = (
			);
			runOnlyForDeploymentPostprocessing = 0;
		};
		F55ED62B2BA8916F00D715C8 /* Frameworks */ = {
			isa = PBXFrameworksBuildPhase;
			buildActionMask = 2147483647;
			files = (
			);
			runOnlyForDeploymentPostprocessing = 0;
		};
/* End PBXFrameworksBuildPhase section */

/* Begin PBXGroup section */
		F510F8AD2BAA803400638472 /* FriendsList */ = {
			isa = PBXGroup;
			children = (
				F510F8BE2BAA93F100638472 /* AddFriend */,
				F510F8B32BAA852900638472 /* GroupsList */,
				F510F8AE2BAA805600638472 /* FriendsListView.swift */,
				F510F8B02BAA806300638472 /* FriendsListVM.swift */,
			);
			path = FriendsList;
			sourceTree = "<group>";
		};
		F510F8B32BAA852900638472 /* GroupsList */ = {
			isa = PBXGroup;
			children = (
				F510F8B42BAA853900638472 /* GroupsList.swift */,
				F510F8B62BAA855400638472 /* GroupsListView.swift */,
			);
			path = GroupsList;
			sourceTree = "<group>";
		};
		F510F8B82BAA8DE700638472 /* Extensions */ = {
			isa = PBXGroup;
			children = (
				F510F8B92BAA8DFF00638472 /* UINavigationController.swift */,
				F5A8784F2BBC5970002EA092 /* NSMutableData.swift */,
				F5A8785F2BC051B1002EA092 /* URLRequest.swift */,
			);
			path = Extensions;
			sourceTree = "<group>";
		};
		F510F8BE2BAA93F100638472 /* AddFriend */ = {
			isa = PBXGroup;
			children = (
				F510F8BF2BAA941300638472 /* AddFriendVM.swift */,
				F510F8C12BAA941C00638472 /* AddFriendView.swift */,
			);
			path = AddFriend;
			sourceTree = "<group>";
		};
		F55ED60B2BA8916E00D715C8 = {
			isa = PBXGroup;
			children = (
				F510F8C32BAA9E4600638472 /* Info.plist */,
				F5A878542BBDCC1C002EA092 /* Configs */,
				F55ED6162BA8916E00D715C8 /* Cheers */,
				F55ED6272BA8916F00D715C8 /* CheersTests */,
				F55ED6312BA8916F00D715C8 /* CheersUITests */,
				F55ED6152BA8916E00D715C8 /* Products */,
			);
			sourceTree = "<group>";
		};
		F55ED6152BA8916E00D715C8 /* Products */ = {
			isa = PBXGroup;
			children = (
				F55ED6142BA8916E00D715C8 /* cheers.app */,
				F55ED6242BA8916F00D715C8 /* cheersTests.xctest */,
				F55ED62E2BA8916F00D715C8 /* cheersUITests.xctest */,
			);
			name = Products;
			sourceTree = "<group>";
		};
		F55ED6162BA8916E00D715C8 /* Cheers */ = {
			isa = PBXGroup;
			children = (
				F5A878582BBEF819002EA092 /* Utilities */,
				F5A878552BBDD18F002EA092 /* Enums */,
				F510F8B82BAA8DE700638472 /* Extensions */,
				F55ED64D2BA8A21300D715C8 /* Components */,
				F55ED6422BA8980900D715C8 /* Views */,
				F55ED6412BA8980300D715C8 /* Models */,
				F55ED6172BA8916E00D715C8 /* CheersApp.swift */,
				F55ED6192BA8916E00D715C8 /* ContentView.swift */,
				F55ED61B2BA8916F00D715C8 /* Assets.xcassets */,
				F55ED61D2BA8916F00D715C8 /* Preview Content */,
			);
			path = Cheers;
			sourceTree = "<group>";
		};
		F55ED61D2BA8916F00D715C8 /* Preview Content */ = {
			isa = PBXGroup;
			children = (
				F55ED61E2BA8916F00D715C8 /* Preview Assets.xcassets */,
			);
			path = "Preview Content";
			sourceTree = "<group>";
		};
		F55ED6272BA8916F00D715C8 /* CheersTests */ = {
			isa = PBXGroup;
			children = (
				F55ED6282BA8916F00D715C8 /* CheersTests.swift */,
			);
			path = CheersTests;
			sourceTree = "<group>";
		};
		F55ED6312BA8916F00D715C8 /* CheersUITests */ = {
			isa = PBXGroup;
			children = (
				F55ED6322BA8916F00D715C8 /* CheersUITests.swift */,
				F55ED6342BA8916F00D715C8 /* CheersUITestsLaunchTests.swift */,
			);
			path = CheersUITests;
			sourceTree = "<group>";
		};
		F55ED6412BA8980300D715C8 /* Models */ = {
			isa = PBXGroup;
			children = (
				F510F8C42BAAA22E00638472 /* User.swift */,
				F510F8C82BABDEB400638472 /* ChatroomInfo.swift */,
				F510F8CA2BABE1E900638472 /* Message.swift */,
				F510F8CC2BAC479200638472 /* Chatroom.swift */,
				F5A8784D2BBC589D002EA092 /* MultipartFormDataRequest.swift */,
			);
			path = Models;
			sourceTree = "<group>";
		};
		F55ED6422BA8980900D715C8 /* Views */ = {
			isa = PBXGroup;
			children = (
				F510F8AD2BAA803400638472 /* FriendsList */,
				F55ED6612BA99B2800D715C8 /* UserProfile */,
				F55ED6572BA8CC7800D715C8 /* Chatroom */,
				F55ED6502BA8B96B00D715C8 /* ChatroomList */,
				F55ED6482BA8A07E00D715C8 /* Register */,
				F55ED6432BA8985E00D715C8 /* Login */,
			);
			path = Views;
			sourceTree = "<group>";
		};
		F55ED6432BA8985E00D715C8 /* Login */ = {
			isa = PBXGroup;
			children = (
				F55ED6442BA8988A00D715C8 /* LoginView.swift */,
				F55ED6462BA898B200D715C8 /* LoginVM.swift */,
			);
			path = Login;
			sourceTree = "<group>";
		};
		F55ED6482BA8A07E00D715C8 /* Register */ = {
			isa = PBXGroup;
			children = (
				F55ED6492BA8A08F00D715C8 /* RegisterVM.swift */,
				F55ED64B2BA8A0B300D715C8 /* RegisterView.swift */,
			);
			path = Register;
			sourceTree = "<group>";
		};
		F55ED64D2BA8A21300D715C8 /* Components */ = {
			isa = PBXGroup;
			children = (
				F55ED64E2BA8A2E900D715C8 /* GrayTextField.swift */,
				F55ED6662BA9F31D00D715C8 /* NavigationButtonLabel.swift */,
				F55ED66D2BAA08B500D715C8 /* DismissButton.swift */,
				F55ED6712BAA239C00D715C8 /* AsyncImageWithDefaultImage.swift */,
			);
			path = Components;
			sourceTree = "<group>";
		};
		F55ED6502BA8B96B00D715C8 /* ChatroomList */ = {
			isa = PBXGroup;
			children = (
				F55ED6682BAA07C300D715C8 /* CreateChatroom */,
				F55ED6532BA8B98100D715C8 /* ChatroomListVM.swift */,
				F55ED6512BA8B97800D715C8 /* ChatroomListView.swift */,
				F55ED6552BA8C08000D715C8 /* ChatroomCardView.swift */,
			);
			path = ChatroomList;
			sourceTree = "<group>";
		};
		F55ED6572BA8CC7800D715C8 /* Chatroom */ = {
			isa = PBXGroup;
			children = (
				F55ED65C2BA95B1600D715C8 /* Settings */,
				F55ED6582BA8CC9500D715C8 /* ChatroomView.swift */,
				F55ED65A2BA8CC9C00D715C8 /* ChatroomVM.swift */,
				F53F0D0F2C05150200F3DBD1 /* MessageView.swift */,
			);
			path = Chatroom;
			sourceTree = "<group>";
		};
		F55ED65C2BA95B1600D715C8 /* Settings */ = {
			isa = PBXGroup;
			children = (
				F55ED65D2BA95B4200D715C8 /* ChatroomSettingsView.swift */,
				F55ED65F2BA95B5600D715C8 /* ChatroomSettingsVM.swift */,
			);
			path = Settings;
			sourceTree = "<group>";
		};
		F55ED6612BA99B2800D715C8 /* UserProfile */ = {
			isa = PBXGroup;
			children = (
				F55ED6622BA99CBC00D715C8 /* UserProfileVM.swift */,
				F55ED6642BA99CCD00D715C8 /* UserProfileView.swift */,
			);
			path = UserProfile;
			sourceTree = "<group>";
		};
		F55ED6682BAA07C300D715C8 /* CreateChatroom */ = {
			isa = PBXGroup;
			children = (
				F55ED66B2BAA07E300D715C8 /* CreateChatroomVM.swift */,
				F55ED6692BAA07D900D715C8 /* CreateChatroomView.swift */,
			);
			path = CreateChatroom;
			sourceTree = "<group>";
		};
		F5A878542BBDCC1C002EA092 /* Configs */ = {
			isa = PBXGroup;
			children = (
				F5A878532BBDC9DE002EA092 /* dev.xcconfig */,
			);
			path = Configs;
			sourceTree = "<group>";
		};
		F5A878552BBDD18F002EA092 /* Enums */ = {
			isa = PBXGroup;
			children = (
				F5A878562BBDD1B6002EA092 /* APIError.swift */,
				F5A8785D2BBF5AA4002EA092 /* KeychainError.swift */,
				F53F0D0D2BF9240100F3DBD1 /* SocketError.swift */,
			);
			path = Enums;
			sourceTree = "<group>";
		};
		F5A878582BBEF819002EA092 /* Utilities */ = {
			isa = PBXGroup;
			children = (
				F5A878592BBEF844002EA092 /* HashPassword.swift */,
				F5A8785B2BBF581F002EA092 /* KeychainManager.swift */,
				F53F0D082BF7A76100F3DBD1 /* SocketClient.swift */,
			);
			path = Utilities;
			sourceTree = "<group>";
		};
/* End PBXGroup section */

/* Begin PBXNativeTarget section */
		F55ED6132BA8916E00D715C8 /* cheers */ = {
			isa = PBXNativeTarget;
			buildConfigurationList = F55ED6382BA8916F00D715C8 /* Build configuration list for PBXNativeTarget "cheers" */;
			buildPhases = (
				F55ED6102BA8916E00D715C8 /* Sources */,
				F55ED6112BA8916E00D715C8 /* Frameworks */,
				F55ED6122BA8916E00D715C8 /* Resources */,
			);
			buildRules = (
			);
			dependencies = (
			);
			name = cheers;
			packageProductDependencies = (
				F510F8BC2BAA923E00638472 /* CodeScanner */,
				F57EC2312BEFF9030041261D /* SocketIO */,
			);
			productName = cheers;
			productReference = F55ED6142BA8916E00D715C8 /* cheers.app */;
			productType = "com.apple.product-type.application";
		};
		F55ED6232BA8916F00D715C8 /* cheersTests */ = {
			isa = PBXNativeTarget;
			buildConfigurationList = F55ED63B2BA8916F00D715C8 /* Build configuration list for PBXNativeTarget "cheersTests" */;
			buildPhases = (
				F55ED6202BA8916F00D715C8 /* Sources */,
				F55ED6212BA8916F00D715C8 /* Frameworks */,
				F55ED6222BA8916F00D715C8 /* Resources */,
			);
			buildRules = (
			);
			dependencies = (
				F55ED6262BA8916F00D715C8 /* PBXTargetDependency */,
			);
			name = cheersTests;
			productName = cheersTests;
			productReference = F55ED6242BA8916F00D715C8 /* cheersTests.xctest */;
			productType = "com.apple.product-type.bundle.unit-test";
		};
		F55ED62D2BA8916F00D715C8 /* cheersUITests */ = {
			isa = PBXNativeTarget;
			buildConfigurationList = F55ED63E2BA8916F00D715C8 /* Build configuration list for PBXNativeTarget "cheersUITests" */;
			buildPhases = (
				F55ED62A2BA8916F00D715C8 /* Sources */,
				F55ED62B2BA8916F00D715C8 /* Frameworks */,
				F55ED62C2BA8916F00D715C8 /* Resources */,
			);
			buildRules = (
			);
			dependencies = (
				F55ED6302BA8916F00D715C8 /* PBXTargetDependency */,
			);
			name = cheersUITests;
			productName = cheersUITests;
			productReference = F55ED62E2BA8916F00D715C8 /* cheersUITests.xctest */;
			productType = "com.apple.product-type.bundle.ui-testing";
		};
/* End PBXNativeTarget section */

/* Begin PBXProject section */
		F55ED60C2BA8916E00D715C8 /* Project object */ = {
			isa = PBXProject;
			attributes = {
				BuildIndependentTargetsInParallel = 1;
				LastSwiftUpdateCheck = 1530;
				LastUpgradeCheck = 1530;
				TargetAttributes = {
					F55ED6132BA8916E00D715C8 = {
						CreatedOnToolsVersion = 15.3;
					};
					F55ED6232BA8916F00D715C8 = {
						CreatedOnToolsVersion = 15.3;
						TestTargetID = F55ED6132BA8916E00D715C8;
					};
					F55ED62D2BA8916F00D715C8 = {
						CreatedOnToolsVersion = 15.3;
						TestTargetID = F55ED6132BA8916E00D715C8;
					};
				};
			};
			buildConfigurationList = F55ED60F2BA8916E00D715C8 /* Build configuration list for PBXProject "cheers" */;
			compatibilityVersion = "Xcode 14.0";
			developmentRegion = en;
			hasScannedForEncodings = 0;
			knownRegions = (
				en,
				Base,
			);
			mainGroup = F55ED60B2BA8916E00D715C8;
			packageReferences = (
				F510F8BB2BAA923E00638472 /* XCRemoteSwiftPackageReference "CodeScanner" */,
				F57EC2302BEFF9030041261D /* XCRemoteSwiftPackageReference "socket" */,
			);
			productRefGroup = F55ED6152BA8916E00D715C8 /* Products */;
			projectDirPath = "";
			projectRoot = "";
			targets = (
				F55ED6132BA8916E00D715C8 /* cheers */,
				F55ED6232BA8916F00D715C8 /* cheersTests */,
				F55ED62D2BA8916F00D715C8 /* cheersUITests */,
			);
		};
/* End PBXProject section */

/* Begin PBXResourcesBuildPhase section */
		F55ED6122BA8916E00D715C8 /* Resources */ = {
			isa = PBXResourcesBuildPhase;
			buildActionMask = 2147483647;
			files = (
				F55ED61F2BA8916F00D715C8 /* Preview Assets.xcassets in Resources */,
				F55ED61C2BA8916F00D715C8 /* Assets.xcassets in Resources */,
			);
			runOnlyForDeploymentPostprocessing = 0;
		};
		F55ED6222BA8916F00D715C8 /* Resources */ = {
			isa = PBXResourcesBuildPhase;
			buildActionMask = 2147483647;
			files = (
			);
			runOnlyForDeploymentPostprocessing = 0;
		};
		F55ED62C2BA8916F00D715C8 /* Resources */ = {
			isa = PBXResourcesBuildPhase;
			buildActionMask = 2147483647;
			files = (
			);
			runOnlyForDeploymentPostprocessing = 0;
		};
/* End PBXResourcesBuildPhase section */

/* Begin PBXSourcesBuildPhase section */
		F55ED6102BA8916E00D715C8 /* Sources */ = {
			isa = PBXSourcesBuildPhase;
			buildActionMask = 2147483647;
			files = (
				F55ED6522BA8B97800D715C8 /* ChatroomListView.swift in Sources */,
				F55ED6452BA8988A00D715C8 /* LoginView.swift in Sources */,
				F510F8B12BAA806300638472 /* FriendsListVM.swift in Sources */,
				F510F8C02BAA941300638472 /* AddFriendVM.swift in Sources */,
				F5A8785E2BBF5AA4002EA092 /* KeychainError.swift in Sources */,
				F53F0D092BF7A76100F3DBD1 /* SocketClient.swift in Sources */,
				F55ED6632BA99CBC00D715C8 /* UserProfileVM.swift in Sources */,
				F55ED65B2BA8CC9C00D715C8 /* ChatroomVM.swift in Sources */,
				F510F8CD2BAC479200638472 /* Chatroom.swift in Sources */,
				F55ED6592BA8CC9500D715C8 /* ChatroomView.swift in Sources */,
				F55ED65E2BA95B4200D715C8 /* ChatroomSettingsView.swift in Sources */,
				F510F8C52BAAA22E00638472 /* User.swift in Sources */,
				F53F0D102C05150200F3DBD1 /* MessageView.swift in Sources */,
				F510F8B72BAA855400638472 /* GroupsListView.swift in Sources */,
				F510F8B52BAA853900638472 /* GroupsList.swift in Sources */,
				F55ED61A2BA8916E00D715C8 /* ContentView.swift in Sources */,
				F5A878572BBDD1B6002EA092 /* APIError.swift in Sources */,
				F55ED6672BA9F31D00D715C8 /* NavigationButtonLabel.swift in Sources */,
				F510F8AF2BAA805600638472 /* FriendsListView.swift in Sources */,
				F5A8785A2BBEF844002EA092 /* HashPassword.swift in Sources */,
				F55ED6182BA8916E00D715C8 /* CheersApp.swift in Sources */,
				F510F8C92BABDEB400638472 /* ChatroomInfo.swift in Sources */,
				F55ED6562BA8C08000D715C8 /* ChatroomCardView.swift in Sources */,
				F5A878602BC051B1002EA092 /* URLRequest.swift in Sources */,
				F55ED64C2BA8A0B300D715C8 /* RegisterView.swift in Sources */,
				F55ED66C2BAA07E300D715C8 /* CreateChatroomVM.swift in Sources */,
				F55ED66A2BAA07D900D715C8 /* CreateChatroomView.swift in Sources */,
				F5A878502BBC5970002EA092 /* NSMutableData.swift in Sources */,
				F510F8CB2BABE1E900638472 /* Message.swift in Sources */,
				F510F8C22BAA941C00638472 /* AddFriendView.swift in Sources */,
				F53F0D0E2BF9240100F3DBD1 /* SocketError.swift in Sources */,
				F55ED6602BA95B5600D715C8 /* ChatroomSettingsVM.swift in Sources */,
				F55ED6652BA99CCD00D715C8 /* UserProfileView.swift in Sources */,
				F510F8BA2BAA8DFF00638472 /* UINavigationController.swift in Sources */,
				F5A8784E2BBC589D002EA092 /* MultipartFormDataRequest.swift in Sources */,
				F55ED64F2BA8A2E900D715C8 /* GrayTextField.swift in Sources */,
				F55ED6472BA898B200D715C8 /* LoginVM.swift in Sources */,
				F55ED64A2BA8A08F00D715C8 /* RegisterVM.swift in Sources */,
				F55ED66E2BAA08B500D715C8 /* DismissButton.swift in Sources */,
				F55ED6542BA8B98100D715C8 /* ChatroomListVM.swift in Sources */,
				F55ED6722BAA239C00D715C8 /* AsyncImageWithDefaultImage.swift in Sources */,
				F5A8785C2BBF581F002EA092 /* KeychainManager.swift in Sources */,
			);
			runOnlyForDeploymentPostprocessing = 0;
		};
		F55ED6202BA8916F00D715C8 /* Sources */ = {
			isa = PBXSourcesBuildPhase;
			buildActionMask = 2147483647;
			files = (
				F55ED6292BA8916F00D715C8 /* CheersTests.swift in Sources */,
			);
			runOnlyForDeploymentPostprocessing = 0;
		};
		F55ED62A2BA8916F00D715C8 /* Sources */ = {
			isa = PBXSourcesBuildPhase;
			buildActionMask = 2147483647;
			files = (
				F55ED6352BA8916F00D715C8 /* CheersUITestsLaunchTests.swift in Sources */,
				F55ED6332BA8916F00D715C8 /* CheersUITests.swift in Sources */,
			);
			runOnlyForDeploymentPostprocessing = 0;
		};
/* End PBXSourcesBuildPhase section */

/* Begin PBXTargetDependency section */
		F55ED6262BA8916F00D715C8 /* PBXTargetDependency */ = {
			isa = PBXTargetDependency;
			target = F55ED6132BA8916E00D715C8 /* cheers */;
			targetProxy = F55ED6252BA8916F00D715C8 /* PBXContainerItemProxy */;
		};
		F55ED6302BA8916F00D715C8 /* PBXTargetDependency */ = {
			isa = PBXTargetDependency;
			target = F55ED6132BA8916E00D715C8 /* cheers */;
			targetProxy = F55ED62F2BA8916F00D715C8 /* PBXContainerItemProxy */;
		};
/* End PBXTargetDependency section */

/* Begin XCBuildConfiguration section */
		F55ED6362BA8916F00D715C8 /* Debug */ = {
			isa = XCBuildConfiguration;
			baseConfigurationReference = F5A878532BBDC9DE002EA092 /* dev.xcconfig */;
			buildSettings = {
				ALWAYS_SEARCH_USER_PATHS = NO;
				ASSETCATALOG_COMPILER_GENERATE_SWIFT_ASSET_SYMBOL_EXTENSIONS = YES;
				CLANG_ANALYZER_NONNULL = YES;
				CLANG_ANALYZER_NUMBER_OBJECT_CONVERSION = YES_AGGRESSIVE;
				CLANG_CXX_LANGUAGE_STANDARD = "gnu++20";
				CLANG_ENABLE_MODULES = YES;
				CLANG_ENABLE_OBJC_ARC = YES;
				CLANG_ENABLE_OBJC_WEAK = YES;
				CLANG_WARN_BLOCK_CAPTURE_AUTORELEASING = YES;
				CLANG_WARN_BOOL_CONVERSION = YES;
				CLANG_WARN_COMMA = YES;
				CLANG_WARN_CONSTANT_CONVERSION = YES;
				CLANG_WARN_DEPRECATED_OBJC_IMPLEMENTATIONS = YES;
				CLANG_WARN_DIRECT_OBJC_ISA_USAGE = YES_ERROR;
				CLANG_WARN_DOCUMENTATION_COMMENTS = YES;
				CLANG_WARN_EMPTY_BODY = YES;
				CLANG_WARN_ENUM_CONVERSION = YES;
				CLANG_WARN_INFINITE_RECURSION = YES;
				CLANG_WARN_INT_CONVERSION = YES;
				CLANG_WARN_NON_LITERAL_NULL_CONVERSION = YES;
				CLANG_WARN_OBJC_IMPLICIT_RETAIN_SELF = YES;
				CLANG_WARN_OBJC_LITERAL_CONVERSION = YES;
				CLANG_WARN_OBJC_ROOT_CLASS = YES_ERROR;
				CLANG_WARN_QUOTED_INCLUDE_IN_FRAMEWORK_HEADER = YES;
				CLANG_WARN_RANGE_LOOP_ANALYSIS = YES;
				CLANG_WARN_STRICT_PROTOTYPES = YES;
				CLANG_WARN_SUSPICIOUS_MOVE = YES;
				CLANG_WARN_UNGUARDED_AVAILABILITY = YES_AGGRESSIVE;
				CLANG_WARN_UNREACHABLE_CODE = YES;
				CLANG_WARN__DUPLICATE_METHOD_MATCH = YES;
				COPY_PHASE_STRIP = NO;
				DEBUG_INFORMATION_FORMAT = dwarf;
				ENABLE_STRICT_OBJC_MSGSEND = YES;
				ENABLE_TESTABILITY = YES;
				ENABLE_USER_SCRIPT_SANDBOXING = YES;
				GCC_C_LANGUAGE_STANDARD = gnu17;
				GCC_DYNAMIC_NO_PIC = NO;
				GCC_NO_COMMON_BLOCKS = YES;
				GCC_OPTIMIZATION_LEVEL = 0;
				GCC_PREPROCESSOR_DEFINITIONS = (
					"DEBUG=1",
					"$(inherited)",
				);
				GCC_WARN_64_TO_32_BIT_CONVERSION = YES;
				GCC_WARN_ABOUT_RETURN_TYPE = YES_ERROR;
				GCC_WARN_UNDECLARED_SELECTOR = YES;
				GCC_WARN_UNINITIALIZED_AUTOS = YES_AGGRESSIVE;
				GCC_WARN_UNUSED_FUNCTION = YES;
				GCC_WARN_UNUSED_VARIABLE = YES;
				IPHONEOS_DEPLOYMENT_TARGET = 17.4;
				LOCALIZATION_PREFERS_STRING_CATALOGS = YES;
				MTL_ENABLE_DEBUG_INFO = INCLUDE_SOURCE;
				MTL_FAST_MATH = YES;
				ONLY_ACTIVE_ARCH = YES;
				SDKROOT = iphoneos;
				SWIFT_ACTIVE_COMPILATION_CONDITIONS = "DEBUG $(inherited)";
				SWIFT_OPTIMIZATION_LEVEL = "-Onone";
			};
			name = Debug;
		};
		F55ED6372BA8916F00D715C8 /* Release */ = {
			isa = XCBuildConfiguration;
			buildSettings = {
				ALWAYS_SEARCH_USER_PATHS = NO;
				ASSETCATALOG_COMPILER_GENERATE_SWIFT_ASSET_SYMBOL_EXTENSIONS = YES;
				CLANG_ANALYZER_NONNULL = YES;
				CLANG_ANALYZER_NUMBER_OBJECT_CONVERSION = YES_AGGRESSIVE;
				CLANG_CXX_LANGUAGE_STANDARD = "gnu++20";
				CLANG_ENABLE_MODULES = YES;
				CLANG_ENABLE_OBJC_ARC = YES;
				CLANG_ENABLE_OBJC_WEAK = YES;
				CLANG_WARN_BLOCK_CAPTURE_AUTORELEASING = YES;
				CLANG_WARN_BOOL_CONVERSION = YES;
				CLANG_WARN_COMMA = YES;
				CLANG_WARN_CONSTANT_CONVERSION = YES;
				CLANG_WARN_DEPRECATED_OBJC_IMPLEMENTATIONS = YES;
				CLANG_WARN_DIRECT_OBJC_ISA_USAGE = YES_ERROR;
				CLANG_WARN_DOCUMENTATION_COMMENTS = YES;
				CLANG_WARN_EMPTY_BODY = YES;
				CLANG_WARN_ENUM_CONVERSION = YES;
				CLANG_WARN_INFINITE_RECURSION = YES;
				CLANG_WARN_INT_CONVERSION = YES;
				CLANG_WARN_NON_LITERAL_NULL_CONVERSION = YES;
				CLANG_WARN_OBJC_IMPLICIT_RETAIN_SELF = YES;
				CLANG_WARN_OBJC_LITERAL_CONVERSION = YES;
				CLANG_WARN_OBJC_ROOT_CLASS = YES_ERROR;
				CLANG_WARN_QUOTED_INCLUDE_IN_FRAMEWORK_HEADER = YES;
				CLANG_WARN_RANGE_LOOP_ANALYSIS = YES;
				CLANG_WARN_STRICT_PROTOTYPES = YES;
				CLANG_WARN_SUSPICIOUS_MOVE = YES;
				CLANG_WARN_UNGUARDED_AVAILABILITY = YES_AGGRESSIVE;
				CLANG_WARN_UNREACHABLE_CODE = YES;
				CLANG_WARN__DUPLICATE_METHOD_MATCH = YES;
				COPY_PHASE_STRIP = NO;
				DEBUG_INFORMATION_FORMAT = "dwarf-with-dsym";
				ENABLE_NS_ASSERTIONS = NO;
				ENABLE_STRICT_OBJC_MSGSEND = YES;
				ENABLE_USER_SCRIPT_SANDBOXING = YES;
				GCC_C_LANGUAGE_STANDARD = gnu17;
				GCC_NO_COMMON_BLOCKS = YES;
				GCC_WARN_64_TO_32_BIT_CONVERSION = YES;
				GCC_WARN_ABOUT_RETURN_TYPE = YES_ERROR;
				GCC_WARN_UNDECLARED_SELECTOR = YES;
				GCC_WARN_UNINITIALIZED_AUTOS = YES_AGGRESSIVE;
				GCC_WARN_UNUSED_FUNCTION = YES;
				GCC_WARN_UNUSED_VARIABLE = YES;
				IPHONEOS_DEPLOYMENT_TARGET = 17.4;
				LOCALIZATION_PREFERS_STRING_CATALOGS = YES;
				MTL_ENABLE_DEBUG_INFO = NO;
				MTL_FAST_MATH = YES;
				SDKROOT = iphoneos;
				SWIFT_COMPILATION_MODE = wholemodule;
				VALIDATE_PRODUCT = YES;
			};
			name = Release;
		};
		F55ED6392BA8916F00D715C8 /* Debug */ = {
			isa = XCBuildConfiguration;
			buildSettings = {
				ASSETCATALOG_COMPILER_APPICON_NAME = AppIcon;
				ASSETCATALOG_COMPILER_GLOBAL_ACCENT_COLOR_NAME = AccentColor;
				CODE_SIGN_STYLE = Automatic;
				CURRENT_PROJECT_VERSION = 1;
				DEVELOPMENT_ASSET_PATHS = "\"cheers/Preview Content\"";
				DEVELOPMENT_TEAM = 5G44JXAR8Q;
				ENABLE_PREVIEWS = YES;
				GENERATE_INFOPLIST_FILE = YES;
				INFOPLIST_FILE = cheers/Info.plist;
				INFOPLIST_KEY_CFBundleDisplayName = "";
				INFOPLIST_KEY_LSApplicationCategoryType = "";
				INFOPLIST_KEY_NSCameraUsageDescription = "Scan code for adding friends.";
				INFOPLIST_KEY_UIApplicationSceneManifest_Generation = YES;
				INFOPLIST_KEY_UIApplicationSupportsIndirectInputEvents = YES;
				INFOPLIST_KEY_UILaunchScreen_Generation = YES;
				INFOPLIST_KEY_UISupportedInterfaceOrientations = UIInterfaceOrientationPortrait;
				LD_RUNPATH_SEARCH_PATHS = (
					"$(inherited)",
					"@executable_path/Frameworks",
				);
				MARKETING_VERSION = 1.0;
				PRODUCT_BUNDLE_IDENTIFIER = dev.dongdong867.dong.cheers;
				PRODUCT_NAME = "$(TARGET_NAME)";
				SWIFT_EMIT_LOC_STRINGS = YES;
				SWIFT_VERSION = 5.0;
				TARGETED_DEVICE_FAMILY = "1,2";
			};
			name = Debug;
		};
		F55ED63A2BA8916F00D715C8 /* Release */ = {
			isa = XCBuildConfiguration;
			buildSettings = {
				ASSETCATALOG_COMPILER_APPICON_NAME = AppIcon;
				ASSETCATALOG_COMPILER_GLOBAL_ACCENT_COLOR_NAME = AccentColor;
				CODE_SIGN_STYLE = Automatic;
				CURRENT_PROJECT_VERSION = 1;
				DEVELOPMENT_ASSET_PATHS = "\"cheers/Preview Content\"";
				DEVELOPMENT_TEAM = 5G44JXAR8Q;
				ENABLE_PREVIEWS = YES;
				GENERATE_INFOPLIST_FILE = YES;
				INFOPLIST_FILE = cheers/Info.plist;
				INFOPLIST_KEY_CFBundleDisplayName = "";
				INFOPLIST_KEY_LSApplicationCategoryType = "";
				INFOPLIST_KEY_NSCameraUsageDescription = "Scan code for adding friends.";
				INFOPLIST_KEY_UIApplicationSceneManifest_Generation = YES;
				INFOPLIST_KEY_UIApplicationSupportsIndirectInputEvents = YES;
				INFOPLIST_KEY_UILaunchScreen_Generation = YES;
				INFOPLIST_KEY_UISupportedInterfaceOrientations = UIInterfaceOrientationPortrait;
				LD_RUNPATH_SEARCH_PATHS = (
					"$(inherited)",
					"@executable_path/Frameworks",
				);
				MARKETING_VERSION = 1.0;
				PRODUCT_BUNDLE_IDENTIFIER = dev.dongdong867.dong.cheers;
				PRODUCT_NAME = "$(TARGET_NAME)";
				SWIFT_EMIT_LOC_STRINGS = YES;
				SWIFT_VERSION = 5.0;
				TARGETED_DEVICE_FAMILY = "1,2";
			};
			name = Release;
		};
		F55ED63C2BA8916F00D715C8 /* Debug */ = {
			isa = XCBuildConfiguration;
			buildSettings = {
				ALWAYS_EMBED_SWIFT_STANDARD_LIBRARIES = YES;
				BUNDLE_LOADER = "$(TEST_HOST)";
				CODE_SIGN_STYLE = Automatic;
				CURRENT_PROJECT_VERSION = 1;
				DEVELOPMENT_TEAM = 5G44JXAR8Q;
				GENERATE_INFOPLIST_FILE = YES;
				IPHONEOS_DEPLOYMENT_TARGET = 17.4;
				MARKETING_VERSION = 1.0;
				PRODUCT_BUNDLE_IDENTIFIER = dev.dongdong867.dong.cheersTests;
				PRODUCT_NAME = "$(TARGET_NAME)";
				SWIFT_EMIT_LOC_STRINGS = NO;
				SWIFT_VERSION = 5.0;
				TARGETED_DEVICE_FAMILY = "1,2";
				TEST_HOST = "$(BUILT_PRODUCTS_DIR)/cheers.app/$(BUNDLE_EXECUTABLE_FOLDER_PATH)/cheers";
			};
			name = Debug;
		};
		F55ED63D2BA8916F00D715C8 /* Release */ = {
			isa = XCBuildConfiguration;
			buildSettings = {
				ALWAYS_EMBED_SWIFT_STANDARD_LIBRARIES = YES;
				BUNDLE_LOADER = "$(TEST_HOST)";
				CODE_SIGN_STYLE = Automatic;
				CURRENT_PROJECT_VERSION = 1;
				DEVELOPMENT_TEAM = 5G44JXAR8Q;
				GENERATE_INFOPLIST_FILE = YES;
				IPHONEOS_DEPLOYMENT_TARGET = 17.4;
				MARKETING_VERSION = 1.0;
				PRODUCT_BUNDLE_IDENTIFIER = dev.dongdong867.dong.cheersTests;
				PRODUCT_NAME = "$(TARGET_NAME)";
				SWIFT_EMIT_LOC_STRINGS = NO;
				SWIFT_VERSION = 5.0;
				TARGETED_DEVICE_FAMILY = "1,2";
				TEST_HOST = "$(BUILT_PRODUCTS_DIR)/cheers.app/$(BUNDLE_EXECUTABLE_FOLDER_PATH)/cheers";
			};
			name = Release;
		};
		F55ED63F2BA8916F00D715C8 /* Debug */ = {
			isa = XCBuildConfiguration;
			buildSettings = {
				ALWAYS_EMBED_SWIFT_STANDARD_LIBRARIES = YES;
				CODE_SIGN_STYLE = Automatic;
				CURRENT_PROJECT_VERSION = 1;
				DEVELOPMENT_TEAM = 5G44JXAR8Q;
				GENERATE_INFOPLIST_FILE = YES;
				MARKETING_VERSION = 1.0;
				PRODUCT_BUNDLE_IDENTIFIER = dev.dongdong867.dong.cheersUITests;
				PRODUCT_NAME = "$(TARGET_NAME)";
				SWIFT_EMIT_LOC_STRINGS = NO;
				SWIFT_VERSION = 5.0;
				TARGETED_DEVICE_FAMILY = "1,2";
				TEST_TARGET_NAME = cheers;
			};
			name = Debug;
		};
		F55ED6402BA8916F00D715C8 /* Release */ = {
			isa = XCBuildConfiguration;
			buildSettings = {
				ALWAYS_EMBED_SWIFT_STANDARD_LIBRARIES = YES;
				CODE_SIGN_STYLE = Automatic;
				CURRENT_PROJECT_VERSION = 1;
				DEVELOPMENT_TEAM = 5G44JXAR8Q;
				GENERATE_INFOPLIST_FILE = YES;
				MARKETING_VERSION = 1.0;
				PRODUCT_BUNDLE_IDENTIFIER = dev.dongdong867.dong.cheersUITests;
				PRODUCT_NAME = "$(TARGET_NAME)";
				SWIFT_EMIT_LOC_STRINGS = NO;
				SWIFT_VERSION = 5.0;
				TARGETED_DEVICE_FAMILY = "1,2";
				TEST_TARGET_NAME = cheers;
			};
			name = Release;
		};
/* End XCBuildConfiguration section */

/* Begin XCConfigurationList section */
		F55ED60F2BA8916E00D715C8 /* Build configuration list for PBXProject "cheers" */ = {
			isa = XCConfigurationList;
			buildConfigurations = (
				F55ED6362BA8916F00D715C8 /* Debug */,
				F55ED6372BA8916F00D715C8 /* Release */,
			);
			defaultConfigurationIsVisible = 0;
			defaultConfigurationName = Release;
		};
		F55ED6382BA8916F00D715C8 /* Build configuration list for PBXNativeTarget "cheers" */ = {
			isa = XCConfigurationList;
			buildConfigurations = (
				F55ED6392BA8916F00D715C8 /* Debug */,
				F55ED63A2BA8916F00D715C8 /* Release */,
			);
			defaultConfigurationIsVisible = 0;
			defaultConfigurationName = Release;
		};
		F55ED63B2BA8916F00D715C8 /* Build configuration list for PBXNativeTarget "cheersTests" */ = {
			isa = XCConfigurationList;
			buildConfigurations = (
				F55ED63C2BA8916F00D715C8 /* Debug */,
				F55ED63D2BA8916F00D715C8 /* Release */,
			);
			defaultConfigurationIsVisible = 0;
			defaultConfigurationName = Release;
		};
		F55ED63E2BA8916F00D715C8 /* Build configuration list for PBXNativeTarget "cheersUITests" */ = {
			isa = XCConfigurationList;
			buildConfigurations = (
				F55ED63F2BA8916F00D715C8 /* Debug */,
				F55ED6402BA8916F00D715C8 /* Release */,
			);
			defaultConfigurationIsVisible = 0;
			defaultConfigurationName = Release;
		};
/* End XCConfigurationList section */

/* Begin XCRemoteSwiftPackageReference section */
		F510F8BB2BAA923E00638472 /* XCRemoteSwiftPackageReference "CodeScanner" */ = {
			isa = XCRemoteSwiftPackageReference;
			repositoryURL = "https://github.com/twostraws/CodeScanner";
			requirement = {
				kind = upToNextMajorVersion;
				minimumVersion = 2.4.0;
			};
		};
		F57EC2302BEFF9030041261D /* XCRemoteSwiftPackageReference "socket" */ = {
			isa = XCRemoteSwiftPackageReference;
			repositoryURL = "https://github.com/socketio/socket.io-client-swift";
			requirement = {
				branch = master;
				kind = branch;
			};
		};
/* End XCRemoteSwiftPackageReference section */

/* Begin XCSwiftPackageProductDependency section */
		F510F8BC2BAA923E00638472 /* CodeScanner */ = {
			isa = XCSwiftPackageProductDependency;
			package = F510F8BB2BAA923E00638472 /* XCRemoteSwiftPackageReference "CodeScanner" */;
			productName = CodeScanner;
		};
		F57EC2312BEFF9030041261D /* SocketIO */ = {
			isa = XCSwiftPackageProductDependency;
			package = F57EC2302BEFF9030041261D /* XCRemoteSwiftPackageReference "socket" */;
			productName = SocketIO;
		};
/* End XCSwiftPackageProductDependency section */
	};
	rootObject = F55ED60C2BA8916E00D715C8 /* Project object */;
}
